
Microsoft Visual Studio Solution File, Format Version 12.00
# Visual Studio Version 16
VisualStudioVersion = 16.0.810.6
MinimumVisualStudioVersion = 10.0.40219.1
Project("{FAE04EC0-301F-11D3-BF4B-00C04F79EFBC}") = "Test", "Test.csproj", "{165EC090-7B38-4749-91FF-60B8E97C16AB}"
EndProject
Global
	GlobalSection(SolutionConfigurationPlatforms) = preSolution
		Debug|Any CPU = Debug|Any CPU
		Release|Any CPU = Release|Any CPU
	EndGlobalSection
	GlobalSection(ProjectConfigurationPlatforms) = postSolution
		{165EC090-7B38-4749-91FF-60B8E97C16AB}.Debug|Any CPU.ActiveCfg = Debug|Any CPU
		{165EC090-7B38-4749-91FF-60B8E97C16AB}.Debug|Any CPU.Build.0 = Debug|Any CPU
		{165EC090-7B38-4749-91FF-60B8E97C16AB}.Release|Any CPU.ActiveCfg = Release|Any CPU
		{165EC090-7B38-4749-91FF-60B8E97C16AB}.Release|Any CPU.Build.0 = Release|Any CPU
	EndGlobalSection
	GlobalSection(SolutionProperties) = preSolution
		HideSolutionNode = FALSE
	EndGlobalSection
	GlobalSection(ExtensibilityGlobals) = postSolution
		SolutionGuid = {869B0E48-87A9-439B-B312-34779B42EFC1}
	EndGlobalSection
EndGlobal
